
Microsoft Visual Studio Solution File, Format Version 12.00
# Visual Studio Version 17
VisualStudioVersion = 17.0.31912.275
MinimumVisualStudioVersion = 10.0.40219.1
Project("{9A19103F-16F7-4668-BE54-9A1E7A4F7556}") = "DataFileValidationV2", "DataFileValidationV2\DataFileValidationV2.csproj", "{860963EF-4E1B-42FE-8376-7EFED07620D6}"
EndProject
Global
	GlobalSection(SolutionConfigurationPlatforms) = preSolution
		Debug|Any CPU = Debug|Any CPU
		Release|Any CPU = Release|Any CPU
	EndGlobalSection
	GlobalSection(ProjectConfigurationPlatforms) = postSolution
		{860963EF-4E1B-42FE-8376-7EFED07620D6}.Debug|Any CPU.ActiveCfg = Debug|Any CPU
		{860963EF-4E1B-42FE-8376-7EFED07620D6}.Debug|Any CPU.Build.0 = Debug|Any CPU
		{860963EF-4E1B-42FE-8376-7EFED07620D6}.Release|Any CPU.ActiveCfg = Release|Any CPU
		{860963EF-4E1B-42FE-8376-7EFED07620D6}.Release|Any CPU.Build.0 = Release|Any CPU
	EndGlobalSection
	GlobalSection(SolutionProperties) = preSolution
		HideSolutionNode = FALSE
	EndGlobalSection
	GlobalSection(ExtensibilityGlobals) = postSolution
		SolutionGuid = {24BE4F93-F1C7-4586-BDD6-6770FEC94D58}
	EndGlobalSection
EndGlobal
